<?xml version="1.0" encoding="utf-8"?>
<Project ToolsVersion="4.0" xmlns="http://schemas.microsoft.com/developer/msbuild/2003">
  <ItemGroup>
    <Filter Include="Source Files">
      <UniqueIdentifier>{4FC737F1-C7A5-4376-A066-2A32D752A2FF}</UniqueIdentifier>
      <Extensions>cpp;c;cc;cxx;def;odl;idl;hpj;bat;asm;asmx</Extensions>
    </Filter>
    <Filter Include="Header Files">
      <UniqueIdentifier>{93995380-89BD-4b04-88EB-625FBE52EBFB}</UniqueIdentifier>
      <Extensions>h;hh;hpp;hxx;hm;inl;inc;xsd</Extensions>
    </Filter>
    <Filter Include="Resource Files">
      <UniqueIdentifier>{67DA6AB6-F800-4c08-8B7A-83BB121AAD01}</UniqueIdentifier>
      <Extensions>rc;ico;cur;bmp;dlg;rc2;rct;bin;rgs;gif;jpg;jpeg;jpe;resx;tiff;tif;png;wav</Extensions>
    </Filter>
  </ItemGroup>
  <ItemGroup>
    <ClCompile Include="src\psbot\Main.cpp">
      <Filter>Source Files</Filter>
    </ClCompile>
  </ItemGroup>
  <ItemGroup>
    <ClInclude Include="src\nemesis\nemesis\NemesisMain.hpp">
      <Filter>Header Files</Filter>
    </ClInclude>
    <ClInclude Include="src\nemesis\nemesis\agent\Estimator.hpp">
      <Filter>Header Files</Filter>
    </ClInclude>
    <ClInclude Include="src\nemesis\nemesis\agent\Math.hpp">
      <Filter>Header Files</Filter>
    </ClInclude>
    <ClInclude Include="src\nemesis\nemesis\agent\Random.hpp">
      <Filter>Header Files</Filter>
    </ClInclude>
    <ClInclude Include="src\nemesis\nemesis\agent\TDLearner.hpp">
      <Filter>Header Files</Filter>
    </ClInclude>
    <ClInclude Include="src\nemesis\nemesis\agent\neuralnetwork\Activation.hpp">
      <Filter>Header Files</Filter>
    </ClInclude>
    <ClInclude Include="src\nemesis\nemesis\agent\neuralnetwork\MultiLayerPerceptron.hpp">
      <Filter>Header Files</Filter>
    </ClInclude>
    <ClInclude Include="src\nemesis\nemesis\agent\neuralnetwork\NeuralNetwork.hpp">
      <Filter>Header Files</Filter>
    </ClInclude>
    <ClInclude Include="src\nemesis\nemesis\environment\Environment.hpp">
      <Filter>Header Files</Filter>
    </ClInclude>
    <ClInclude Include="src\nemesis\nemesis\external\json\json.hpp">
      <Filter>Header Files</Filter>
    </ClInclude>
    <ClInclude Include="src\psbot\BasePSUser.hpp">
      <Filter>Header Files</Filter>
    </ClInclude>
    <ClInclude Include="src\psbot\Data.hpp">
      <Filter>Header Files</Filter>
    </ClInclude>
    <ClInclude Include="src\psbot\EnvironmentSettings.hpp">
      <Filter>Header Files</Filter>
    </ClInclude>
    <ClInclude Include="src\psbot\PSConnection.hpp">
      <Filter>Header Files</Filter>
    </ClInclude>
    <ClInclude Include="src\psbot\PSUser.hpp">
      <Filter>Header Files</Filter>
    </ClInclude>
    <ClInclude Include="src\simulator\Battle.hpp">
      <Filter>Header Files</Filter>
    </ClInclude>
    <ClInclude Include="src\simulator\BattleFunctions.hpp">
      <Filter>Header Files</Filter>
    </ClInclude>
    <ClInclude Include="src\simulator\MoveFunctions.hpp">
      <Filter>Header Files</Filter>
    </ClInclude>
    <ClInclude Include="src\simulator\Player.hpp">
      <Filter>Header Files</Filter>
    </ClInclude>
    <ClInclude Include="src\simulator\PlayerFunctions.hpp">
      <Filter>Header Files</Filter>
    </ClInclude>
    <ClInclude Include="src\simulator\Pokemon.hpp">
      <Filter>Header Files</Filter>
    </ClInclude>
    <ClInclude Include="src\simulator\SimulatorMain.hpp">
      <Filter>Header Files</Filter>
    </ClInclude>
    <ClInclude Include="src\simulator\libs\foxlib\ADT.hpp">
      <Filter>Header Files</Filter>
    </ClInclude>
    <ClInclude Include="src\simulator\libs\foxlib\Allocator.hpp">
      <Filter>Header Files</Filter>
    </ClInclude>
    <ClInclude Include="src\simulator\libs\foxlib\Array.hpp">
      <Filter>Header Files</Filter>
    </ClInclude>
    <ClInclude Include="src\simulator\libs\foxlib\FoxLib.hpp">
      <Filter>Header Files</Filter>
    </ClInclude>
    <ClInclude Include="src\simulator\libs\foxlib\Log.hpp">
      <Filter>Header Files</Filter>
    </ClInclude>
    <ClInclude Include="src\simulator\libs\foxlib\Macros.hpp">
      <Filter>Header Files</Filter>
    </ClInclude>
    <ClInclude Include="src\simulator\libs\foxlib\String.hpp">
      <Filter>Header Files</Filter>
    </ClInclude>
    <ClInclude Include="src\simulator\libs\foxlib\Types.hpp">
      <Filter>Header Files</Filter>
    </ClInclude>
    <ClInclude Include="src\simulator\libs\jsoncons\json.hpp">
      <Filter>Header Files</Filter>
    </ClInclude>
    <ClInclude Include="src\simulator\libs\jsoncons\jsoncons.hpp">
      <Filter>Header Files</Filter>
    </ClInclude>
    <ClInclude Include="src\simulator\libs\jsoncons\jsoncons_config.hpp">
      <Filter>Header Files</Filter>
    </ClInclude>
    <ClInclude Include="src\simulator\libs\jsoncons\jsoncons_util.hpp">
      <Filter>Header Files</Filter>
    </ClInclude>
    <ClInclude Include="src\simulator\libs\jsoncons\json_container.hpp">
      <Filter>Header Files</Filter>
    </ClInclude>
    <ClInclude Include="src\simulator\libs\jsoncons\json_decoder.hpp">
      <Filter>Header Files</Filter>
    </ClInclude>
    <ClInclude Include="src\simulator\libs\jsoncons\json_deserializer.hpp">
      <Filter>Header Files</Filter>
    </ClInclude>
    <ClInclude Include="src\simulator\libs\jsoncons\json_error_category.hpp">
      <Filter>Header Files</Filter>
    </ClInclude>
    <ClInclude Include="src\simulator\libs\jsoncons\json_filter.hpp">
      <Filter>Header Files</Filter>
    </ClInclude>
    <ClInclude Include="src\simulator\libs\jsoncons\json_input_handler.hpp">
      <Filter>Header Files</Filter>
    </ClInclude>
    <ClInclude Include="src\simulator\libs\jsoncons\json_output_handler.hpp">
      <Filter>Header Files</Filter>
    </ClInclude>
    <ClInclude Include="src\simulator\libs\jsoncons\json_parser.hpp">
      <Filter>Header Files</Filter>
    </ClInclude>
    <ClInclude Include="src\simulator\libs\jsoncons\json_reader.hpp">
      <Filter>Header Files</Filter>
    </ClInclude>
    <ClInclude Include="src\simulator\libs\jsoncons\json_serializer.hpp">
      <Filter>Header Files</Filter>
    </ClInclude>
    <ClInclude Include="src\simulator\libs\jsoncons\json_traits.hpp">
      <Filter>Header Files</Filter>
    </ClInclude>
    <ClInclude Include="src\simulator\libs\jsoncons\json_type_traits.hpp">
      <Filter>Header Files</Filter>
    </ClInclude>
    <ClInclude Include="src\simulator\libs\jsoncons\osequencestream.hpp">
      <Filter>Header Files</Filter>
    </ClInclude>
    <ClInclude Include="src\simulator\libs\jsoncons\parse_error_handler.hpp">
      <Filter>Header Files</Filter>
    </ClInclude>
    <ClInclude Include="src\simulator\libs\jsoncons\serialization_options.hpp">
      <Filter>Header Files</Filter>
    </ClInclude>
    <ClInclude Include="src\simulator\libs\jsoncons\unicode_traits.hpp">
      <Filter>Header Files</Filter>
    </ClInclude>
    <ClInclude Include="src\simulator\libs\jsoncons_ext\csv\csv_error_category.hpp">
      <Filter>Header Files</Filter>
    </ClInclude>
    <ClInclude Include="src\simulator\libs\jsoncons_ext\csv\csv_parameters.hpp">
      <Filter>Header Files</Filter>
    </ClInclude>
    <ClInclude Include="src\simulator\libs\jsoncons_ext\csv\csv_parser.hpp">
      <Filter>Header Files</Filter>
    </ClInclude>
    <ClInclude Include="src\simulator\libs\jsoncons_ext\csv\csv_reader.hpp">
      <Filter>Header Files</Filter>
    </ClInclude>
    <ClInclude Include="src\simulator\libs\jsoncons_ext\csv\csv_serializer.hpp">
      <Filter>Header Files</Filter>
    </ClInclude>
    <ClInclude Include="src\simulator\libs\jsoncons_ext\jsonpath\jsonpath_error_category.hpp">
      <Filter>Header Files</Filter>
    </ClInclude>
    <ClInclude Include="src\simulator\libs\jsoncons_ext\jsonpath\jsonpath_filter.hpp">
      <Filter>Header Files</Filter>
    </ClInclude>
    <ClInclude Include="src\simulator\libs\jsoncons_ext\jsonpath\json_query.hpp">
      <Filter>Header Files</Filter>
    </ClInclude>
    <ClInclude Include="src\simulator\libs\jsoncons_ext\msgpack\binary_util.hpp">
      <Filter>Header Files</Filter>
    </ClInclude>
    <ClInclude Include="src\simulator\libs\jsoncons_ext\msgpack\message_pack.hpp">
      <Filter>Header Files</Filter>
    </ClInclude>
  </ItemGroup>
</Project>