
Microsoft Visual Studio Solution File, Format Version 12.00
# Visual Studio 15
VisualStudioVersion = 15.0.26730.15
MinimumVisualStudioVersion = 10.0.40219.1
Project("{8BC9CEB8-8B4A-11D0-8D11-00A0C91BC942}") = "bullbot", "bullbot.vcxproj", "{9EDB6BE3-D030-4FA6-B415-DEDE7CB51CEC}"
EndProject
Global
	GlobalSection(SolutionConfigurationPlatforms) = preSolution
		Debug|x64 = Debug|x64
		Debug|x86 = Debug|x86
		Release|x64 = Release|x64
		Release|x86 = Release|x86
	EndGlobalSection
	GlobalSection(ProjectConfigurationPlatforms) = postSolution
		{9EDB6BE3-D030-4FA6-B415-DEDE7CB51CEC}.Debug|x64.ActiveCfg = Debug|x64
		{9EDB6BE3-D030-4FA6-B415-DEDE7CB51CEC}.Debug|x64.Build.0 = Debug|x64
		{9EDB6BE3-D030-4FA6-B415-DEDE7CB51CEC}.Debug|x86.ActiveCfg = Debug|Win32
		{9EDB6BE3-D030-4FA6-B415-DEDE7CB51CEC}.Debug|x86.Build.0 = Debug|Win32
		{9EDB6BE3-D030-4FA6-B415-DEDE7CB51CEC}.Release|x64.ActiveCfg = Release|x64
		{9EDB6BE3-D030-4FA6-B415-DEDE7CB51CEC}.Release|x64.Build.0 = Release|x64
		{9EDB6BE3-D030-4FA6-B415-DEDE7CB51CEC}.Release|x86.ActiveCfg = Release|Win32
		{9EDB6BE3-D030-4FA6-B415-DEDE7CB51CEC}.Release|x86.Build.0 = Release|Win32
	EndGlobalSection
	GlobalSection(SolutionProperties) = preSolution
		HideSolutionNode = FALSE
	EndGlobalSection
	GlobalSection(ExtensibilityGlobals) = postSolution
		SolutionGuid = {E3DC9B6D-2974-4F68-B362-5BD8C8A3C667}
	EndGlobalSection
EndGlobal
