<?xml version="1.0" encoding="utf-8"?>
<Project ToolsVersion="4.0" xmlns="http://schemas.microsoft.com/developer/msbuild/2003">
  <ItemGroup>
    <Filter Include="Source Files">
      <UniqueIdentifier>{4FC737F1-C7A5-4376-A066-2A32D752A2FF}</UniqueIdentifier>
      <Extensions>cpp;c;cc;cxx;def;odl;idl;hpj;bat;asm;asmx</Extensions>
    </Filter>
    <Filter Include="Header Files">
      <UniqueIdentifier>{93995380-89BD-4b04-88EB-625FBE52EBFB}</UniqueIdentifier>
      <Extensions>h;hh;hpp;hxx;hm;inl;inc;xsd</Extensions>
    </Filter>
    <Filter Include="Resource Files">
      <UniqueIdentifier>{67DA6AB6-F800-4c08-8B7A-83BB121AAD01}</UniqueIdentifier>
      <Extensions>rc;ico;cur;bmp;dlg;rc2;rct;bin;rgs;gif;jpg;jpeg;jpe;resx;tiff;tif;png;wav</Extensions>
    </Filter>
  </ItemGroup>
  <ItemGroup>
    <ClCompile Include="src\psbot\Main.cpp">
      <Filter>Source Files</Filter>
    </ClCompile>
    <ClCompile Include="libs\dlib\dlib\all\source.cpp">
      <Filter>Source Files</Filter>
    </ClCompile>
  </ItemGroup>
  <ItemGroup>
    <ClInclude Include="src\nemesis\nemesis\NemesisMain.hpp">
      <Filter>Header Files</Filter>
    </ClInclude>
    <ClInclude Include="src\nemesis\nemesis\agent\Estimator.hpp">
      <Filter>Header Files</Filter>
    </ClInclude>
    <ClInclude Include="src\nemesis\nemesis\agent\Math.hpp">
      <Filter>Header Files</Filter>
    </ClInclude>
    <ClInclude Include="src\nemesis\nemesis\agent\Random.hpp">
      <Filter>Header Files</Filter>
    </ClInclude>
    <ClInclude Include="src\nemesis\nemesis\agent\TDLearner.hpp">
      <Filter>Header Files</Filter>
    </ClInclude>
    <ClInclude Include="src\nemesis\nemesis\agent\neuralnetwork\Activation.hpp">
      <Filter>Header Files</Filter>
    </ClInclude>
    <ClInclude Include="src\nemesis\nemesis\agent\neuralnetwork\MultiLayerPerceptron.hpp">
      <Filter>Header Files</Filter>
    </ClInclude>
    <ClInclude Include="src\nemesis\nemesis\agent\neuralnetwork\NeuralNetwork.hpp">
      <Filter>Header Files</Filter>
    </ClInclude>
    <ClInclude Include="src\nemesis\nemesis\environment\Environment.hpp">
      <Filter>Header Files</Filter>
    </ClInclude>
    <ClInclude Include="src\psbot\BasePSUser.hpp">
      <Filter>Header Files</Filter>
    </ClInclude>
    <ClInclude Include="src\psbot\Data.hpp">
      <Filter>Header Files</Filter>
    </ClInclude>
    <ClInclude Include="src\psbot\EnvironmentSettings.hpp">
      <Filter>Header Files</Filter>
    </ClInclude>
    <ClInclude Include="src\psbot\PSConnection.hpp">
      <Filter>Header Files</Filter>
    </ClInclude>
    <ClInclude Include="src\psbot\PSUser.hpp">
      <Filter>Header Files</Filter>
    </ClInclude>
    <ClInclude Include="src\simulator\Battle.hpp">
      <Filter>Header Files</Filter>
    </ClInclude>
    <ClInclude Include="src\simulator\BattleFunctions.hpp">
      <Filter>Header Files</Filter>
    </ClInclude>
    <ClInclude Include="src\simulator\MoveFunctions.hpp">
      <Filter>Header Files</Filter>
    </ClInclude>
    <ClInclude Include="src\simulator\Player.hpp">
      <Filter>Header Files</Filter>
    </ClInclude>
    <ClInclude Include="src\simulator\PlayerFunctions.hpp">
      <Filter>Header Files</Filter>
    </ClInclude>
    <ClInclude Include="src\simulator\Pokemon.hpp">
      <Filter>Header Files</Filter>
    </ClInclude>
    <ClInclude Include="src\simulator\SimulatorMain.hpp">
      <Filter>Header Files</Filter>
    </ClInclude>
    <ClInclude Include="src\PSBot\ai\MoveFunctions.hpp">
      <Filter>Header Files</Filter>
    </ClInclude>
    <ClInclude Include="src\PSBot\ai\Simulator.hpp">
      <Filter>Header Files</Filter>
    </ClInclude>
    <ClInclude Include="src\PSBot\ai\TeamPrediction.hpp">
      <Filter>Header Files</Filter>
    </ClInclude>
  </ItemGroup>
  <ItemGroup>
    <None Include="..\..\Program Files (x86)\Microsoft Visual Studio\2017\Community\VC\Tools\MSVC\14.12.25827\include\xmemory0" />
  </ItemGroup>
</Project>